
Microsoft Visual Studio Solution File, Format Version 12.00
Project("{FAE04EC0-301F-11D3-BF4B-00C04F79EFBC}") = "CurseUnlock", "CurseUnlock\CurseUnlock.csproj", "{EE95ACB6-94DA-465A-85F9-0D9A85C21193}"
EndProject
Global
	GlobalSection(SolutionConfigurationPlatforms) = preSolution
		Debug|Any CPU = Debug|Any CPU
		Release|Any CPU = Release|Any CPU
	EndGlobalSection
	GlobalSection(ProjectConfigurationPlatforms) = postSolution
		{EE95ACB6-94DA-465A-85F9-0D9A85C21193}.Debug|Any CPU.ActiveCfg = Debug|Any CPU
		{EE95ACB6-94DA-465A-85F9-0D9A85C21193}.Debug|Any CPU.Build.0 = Debug|Any CPU
		{EE95ACB6-94DA-465A-85F9-0D9A85C21193}.Release|Any CPU.ActiveCfg = Release|Any CPU
		{EE95ACB6-94DA-465A-85F9-0D9A85C21193}.Release|Any CPU.Build.0 = Release|Any CPU
	EndGlobalSection
EndGlobal
